
Microsoft Visual Studio Solution File, Format Version 12.00
# Visual Studio Version 17
VisualStudioVersion = 17.13.35818.85 d17.13
MinimumVisualStudioVersion = 10.0.40219.1
Project("{FAE04EC0-301F-11D3-BF4B-00C04F79EFBC}") = "HackerNewsAPICore", "HackerNewsAPICore.csproj", "{309622CD-9113-4DE6-BF80-C49224B56AEC}"
EndProject
Project("{FAE04EC0-301F-11D3-BF4B-00C04F79EFBC}") = "HackerNewsService", "..\HackerNewsService\HackerNewsService.csproj", "{D7CD5113-7ED5-457F-9015-E9523720AF90}"
EndProject
Project("{FAE04EC0-301F-11D3-BF4B-00C04F79EFBC}") = "HackerNewsTests", "..\HackerNewsTests\HackerNewsTests.csproj", "{3692436D-1D6D-4ED2-B2C5-E8CB96C91EFE}"
EndProject
Global
	GlobalSection(SolutionConfigurationPlatforms) = preSolution
		Debug|Any CPU = Debug|Any CPU
		Release|Any CPU = Release|Any CPU
	EndGlobalSection
	GlobalSection(ProjectConfigurationPlatforms) = postSolution
		{309622CD-9113-4DE6-BF80-C49224B56AEC}.Debug|Any CPU.ActiveCfg = Debug|Any CPU
		{309622CD-9113-4DE6-BF80-C49224B56AEC}.Debug|Any CPU.Build.0 = Debug|Any CPU
		{309622CD-9113-4DE6-BF80-C49224B56AEC}.Release|Any CPU.ActiveCfg = Release|Any CPU
		{309622CD-9113-4DE6-BF80-C49224B56AEC}.Release|Any CPU.Build.0 = Release|Any CPU
		{D7CD5113-7ED5-457F-9015-E9523720AF90}.Debug|Any CPU.ActiveCfg = Debug|Any CPU
		{D7CD5113-7ED5-457F-9015-E9523720AF90}.Debug|Any CPU.Build.0 = Debug|Any CPU
		{D7CD5113-7ED5-457F-9015-E9523720AF90}.Release|Any CPU.ActiveCfg = Release|Any CPU
		{D7CD5113-7ED5-457F-9015-E9523720AF90}.Release|Any CPU.Build.0 = Release|Any CPU
		{3692436D-1D6D-4ED2-B2C5-E8CB96C91EFE}.Debug|Any CPU.ActiveCfg = Debug|Any CPU
		{3692436D-1D6D-4ED2-B2C5-E8CB96C91EFE}.Debug|Any CPU.Build.0 = Debug|Any CPU
		{3692436D-1D6D-4ED2-B2C5-E8CB96C91EFE}.Release|Any CPU.ActiveCfg = Release|Any CPU
		{3692436D-1D6D-4ED2-B2C5-E8CB96C91EFE}.Release|Any CPU.Build.0 = Release|Any CPU
	EndGlobalSection
	GlobalSection(SolutionProperties) = preSolution
		HideSolutionNode = FALSE
	EndGlobalSection
	GlobalSection(ExtensibilityGlobals) = postSolution
		SolutionGuid = {F5651069-1EAB-4D65-B15A-9A6443C54FC8}
	EndGlobalSection
EndGlobal
